// !$*UTF8*$!
{
	archiveVersion = 1;
	classes = {
	};
	objectVersion = 46;
	objects = {

/* Begin PBXBuildFile section */
		8AA620EF7824BE93B1F87739 /* Pods_ImageChat.framework in Frameworks */ = {isa = PBXBuildFile; fileRef = D4715723E8AED61F6803E82A /* Pods_ImageChat.framework */; };
		FD55E4511E1A497A00C9F489 /* ImageChatTests.m in Sources */ = {isa = PBXBuildFile; fileRef = FD55E4501E1A497A00C9F489 /* ImageChatTests.m */; };
		FD55E45C1E1A497A00C9F489 /* ImageChatUITests.m in Sources */ = {isa = PBXBuildFile; fileRef = FD55E45B1E1A497A00C9F489 /* ImageChatUITests.m */; };
		FD55E49F1E1A630A00C9F489 /* AFNetworking.framework in Frameworks */ = {isa = PBXBuildFile; fileRef = FD55E49A1E1A630A00C9F489 /* AFNetworking.framework */; };
		FD55E4A01E1A630A00C9F489 /* CocoaLumberjack.framework in Frameworks */ = {isa = PBXBuildFile; fileRef = FD55E49B1E1A630A00C9F489 /* CocoaLumberjack.framework */; };
		FD55E4A11E1A630A00C9F489 /* Masonry.framework in Frameworks */ = {isa = PBXBuildFile; fileRef = FD55E49C1E1A630A00C9F489 /* Masonry.framework */; };
		FD55E4A91E1A66FB00C9F489 /* ICImageListViewController.m in Sources */ = {isa = PBXBuildFile; fileRef = FD55E4A81E1A66FB00C9F489 /* ICImageListViewController.m */; };
		FD55E4AC1E1A672200C9F489 /* ICImageInfoViewController.m in Sources */ = {isa = PBXBuildFile; fileRef = FD55E4AB1E1A672200C9F489 /* ICImageInfoViewController.m */; };
		FD55E4B21E1A6C8E00C9F489 /* ICImageTabBarViewController.m in Sources */ = {isa = PBXBuildFile; fileRef = FD55E4B11E1A6C8E00C9F489 /* ICImageTabBarViewController.m */; };
		FD5C501B1E1A850B00AC2CB9 /* UIColor+ICHex.m in Sources */ = {isa = PBXBuildFile; fileRef = FD5C501A1E1A850B00AC2CB9 /* UIColor+ICHex.m */; };
		FD5C50211E1AA75F00AC2CB9 /* AppDelegate.m in Sources */ = {isa = PBXBuildFile; fileRef = FD5C501E1E1AA75F00AC2CB9 /* AppDelegate.m */; };
		FD5C50221E1AA75F00AC2CB9 /* Info.plist in Resources */ = {isa = PBXBuildFile; fileRef = FD5C501F1E1AA75F00AC2CB9 /* Info.plist */; };
		FD5C50231E1AA75F00AC2CB9 /* main.m in Sources */ = {isa = PBXBuildFile; fileRef = FD5C50201E1AA75F00AC2CB9 /* main.m */; };
		FD5C50261E1AA76700AC2CB9 /* LaunchScreen.storyboard in Resources */ = {isa = PBXBuildFile; fileRef = FD5C50241E1AA76700AC2CB9 /* LaunchScreen.storyboard */; };
		FD5C50291E1AA98300AC2CB9 /* Assets.xcassets in Resources */ = {isa = PBXBuildFile; fileRef = FD5C50281E1AA98300AC2CB9 /* Assets.xcassets */; };
		FD5FA0371E1BF660005BC2DF /* ICImageCardTableViewCell.m in Sources */ = {isa = PBXBuildFile; fileRef = FD5FA0361E1BF660005BC2DF /* ICImageCardTableViewCell.m */; };
		FD6608881E1D008D0035D03E /* UIView+ICDebug.m in Sources */ = {isa = PBXBuildFile; fileRef = FD6608871E1D008D0035D03E /* UIView+ICDebug.m */; };
		FD66088B1E1D09130035D03E /* ICImageCardModel.m in Sources */ = {isa = PBXBuildFile; fileRef = FD66088A1E1D09130035D03E /* ICImageCardModel.m */; };
/* End PBXBuildFile section */

/* Begin PBXContainerItemProxy section */
		FD55E44D1E1A497A00C9F489 /* PBXContainerItemProxy */ = {
			isa = PBXContainerItemProxy;
			containerPortal = FD55E42B1E1A497900C9F489 /* Project object */;
			proxyType = 1;
			remoteGlobalIDString = FD55E4321E1A497900C9F489;
			remoteInfo = ImageChat;
		};
		FD55E4581E1A497A00C9F489 /* PBXContainerItemProxy */ = {
			isa = PBXContainerItemProxy;
			containerPortal = FD55E42B1E1A497900C9F489 /* Project object */;
			proxyType = 1;
			remoteGlobalIDString = FD55E4321E1A497900C9F489;
			remoteInfo = ImageChat;
		};
/* End PBXContainerItemProxy section */

/* Begin PBXFileReference section */
		47ED783DEA4FA48E637E552F /* Pods-ImageChat.release.xcconfig */ = {isa = PBXFileReference; includeInIndex = 1; lastKnownFileType = text.xcconfig; name = "Pods-ImageChat.release.xcconfig"; path = "Pods/Target Support Files/Pods-ImageChat/Pods-ImageChat.release.xcconfig"; sourceTree = "<group>"; };
		59A5EC715FF08B0E070C0ECD /* Pods_ImageChatUITests.framework */ = {isa = PBXFileReference; explicitFileType = wrapper.framework; includeInIndex = 0; path = Pods_ImageChatUITests.framework; sourceTree = BUILT_PRODUCTS_DIR; };
		752627F643F2507066D38DB5 /* Pods-ImageChat.debug.xcconfig */ = {isa = PBXFileReference; includeInIndex = 1; lastKnownFileType = text.xcconfig; name = "Pods-ImageChat.debug.xcconfig"; path = "Pods/Target Support Files/Pods-ImageChat/Pods-ImageChat.debug.xcconfig"; sourceTree = "<group>"; };
		D4715723E8AED61F6803E82A /* Pods_ImageChat.framework */ = {isa = PBXFileReference; explicitFileType = wrapper.framework; includeInIndex = 0; path = Pods_ImageChat.framework; sourceTree = BUILT_PRODUCTS_DIR; };
		DC38C34F20693C5F33FDD497 /* Pods_ImageChatTests.framework */ = {isa = PBXFileReference; explicitFileType = wrapper.framework; includeInIndex = 0; path = Pods_ImageChatTests.framework; sourceTree = BUILT_PRODUCTS_DIR; };
		FD55E4331E1A497900C9F489 /* ImageChat.app */ = {isa = PBXFileReference; explicitFileType = wrapper.application; includeInIndex = 0; path = ImageChat.app; sourceTree = BUILT_PRODUCTS_DIR; };
		FD55E44C1E1A497A00C9F489 /* ImageChatTests.xctest */ = {isa = PBXFileReference; explicitFileType = wrapper.cfbundle; includeInIndex = 0; path = ImageChatTests.xctest; sourceTree = BUILT_PRODUCTS_DIR; };
		FD55E4501E1A497A00C9F489 /* ImageChatTests.m */ = {isa = PBXFileReference; lastKnownFileType = sourcecode.c.objc; path = ImageChatTests.m; sourceTree = "<group>"; };
		FD55E4521E1A497A00C9F489 /* Info.plist */ = {isa = PBXFileReference; lastKnownFileType = text.plist.xml; path = Info.plist; sourceTree = "<group>"; };
		FD55E4571E1A497A00C9F489 /* ImageChatUITests.xctest */ = {isa = PBXFileReference; explicitFileType = wrapper.cfbundle; includeInIndex = 0; path = ImageChatUITests.xctest; sourceTree = BUILT_PRODUCTS_DIR; };
		FD55E45B1E1A497A00C9F489 /* ImageChatUITests.m */ = {isa = PBXFileReference; lastKnownFileType = sourcecode.c.objc; path = ImageChatUITests.m; sourceTree = "<group>"; };
		FD55E45D1E1A497A00C9F489 /* Info.plist */ = {isa = PBXFileReference; lastKnownFileType = text.plist.xml; path = Info.plist; sourceTree = "<group>"; };
		FD55E49A1E1A630A00C9F489 /* AFNetworking.framework */ = {isa = PBXFileReference; lastKnownFileType = wrapper.framework; name = AFNetworking.framework; path = "Pods/../build/Debug-iphoneos/AFNetworking/AFNetworking.framework"; sourceTree = "<group>"; };
		FD55E49B1E1A630A00C9F489 /* CocoaLumberjack.framework */ = {isa = PBXFileReference; lastKnownFileType = wrapper.framework; name = CocoaLumberjack.framework; path = "Pods/../build/Debug-iphoneos/CocoaLumberjack/CocoaLumberjack.framework"; sourceTree = "<group>"; };
		FD55E49C1E1A630A00C9F489 /* Masonry.framework */ = {isa = PBXFileReference; lastKnownFileType = wrapper.framework; name = Masonry.framework; path = "Pods/../build/Debug-iphoneos/Masonry/Masonry.framework"; sourceTree = "<group>"; };
		FD55E49D1E1A630A00C9F489 /* Pods_ImageChatTests.framework */ = {isa = PBXFileReference; lastKnownFileType = wrapper.framework; name = Pods_ImageChatTests.framework; path = "Pods/../build/Debug-iphoneos/Pods_ImageChatTests.framework"; sourceTree = "<group>"; };
		FD55E49E1E1A630A00C9F489 /* Pods_ImageChatUITests.framework */ = {isa = PBXFileReference; lastKnownFileType = wrapper.framework; name = Pods_ImageChatUITests.framework; path = "Pods/../build/Debug-iphoneos/Pods_ImageChatUITests.framework"; sourceTree = "<group>"; };
		FD55E4A71E1A66FB00C9F489 /* ICImageListViewController.h */ = {isa = PBXFileReference; fileEncoding = 4; lastKnownFileType = sourcecode.c.h; path = ICImageListViewController.h; sourceTree = "<group>"; };
		FD55E4A81E1A66FB00C9F489 /* ICImageListViewController.m */ = {isa = PBXFileReference; fileEncoding = 4; lastKnownFileType = sourcecode.c.objc; path = ICImageListViewController.m; sourceTree = "<group>"; };
		FD55E4AA1E1A672200C9F489 /* ICImageInfoViewController.h */ = {isa = PBXFileReference; fileEncoding = 4; lastKnownFileType = sourcecode.c.h; path = ICImageInfoViewController.h; sourceTree = "<group>"; };
		FD55E4AB1E1A672200C9F489 /* ICImageInfoViewController.m */ = {isa = PBXFileReference; fileEncoding = 4; lastKnownFileType = sourcecode.c.objc; path = ICImageInfoViewController.m; sourceTree = "<group>"; };
		FD55E4B01E1A6C8E00C9F489 /* ICImageTabBarViewController.h */ = {isa = PBXFileReference; fileEncoding = 4; lastKnownFileType = sourcecode.c.h; path = ICImageTabBarViewController.h; sourceTree = "<group>"; };
		FD55E4B11E1A6C8E00C9F489 /* ICImageTabBarViewController.m */ = {isa = PBXFileReference; fileEncoding = 4; lastKnownFileType = sourcecode.c.objc; path = ICImageTabBarViewController.m; sourceTree = "<group>"; };
		FD5C50161E1A82F600AC2CB9 /* Macro.h */ = {isa = PBXFileReference; lastKnownFileType = sourcecode.c.h; path = Macro.h; sourceTree = "<group>"; };
		FD5C50191E1A850B00AC2CB9 /* UIColor+ICHex.h */ = {isa = PBXFileReference; fileEncoding = 4; lastKnownFileType = sourcecode.c.h; path = "UIColor+ICHex.h"; sourceTree = "<group>"; };
		FD5C501A1E1A850B00AC2CB9 /* UIColor+ICHex.m */ = {isa = PBXFileReference; fileEncoding = 4; lastKnownFileType = sourcecode.c.objc; path = "UIColor+ICHex.m"; sourceTree = "<group>"; };
		FD5C501D1E1AA75F00AC2CB9 /* AppDelegate.h */ = {isa = PBXFileReference; fileEncoding = 4; lastKnownFileType = sourcecode.c.h; name = AppDelegate.h; path = ImageChat/AppDelegate.h; sourceTree = SOURCE_ROOT; };
		FD5C501E1E1AA75F00AC2CB9 /* AppDelegate.m */ = {isa = PBXFileReference; fileEncoding = 4; lastKnownFileType = sourcecode.c.objc; name = AppDelegate.m; path = ImageChat/AppDelegate.m; sourceTree = SOURCE_ROOT; };
		FD5C501F1E1AA75F00AC2CB9 /* Info.plist */ = {isa = PBXFileReference; fileEncoding = 4; lastKnownFileType = text.plist.xml; name = Info.plist; path = ImageChat/Info.plist; sourceTree = SOURCE_ROOT; };
		FD5C50201E1AA75F00AC2CB9 /* main.m */ = {isa = PBXFileReference; fileEncoding = 4; lastKnownFileType = sourcecode.c.objc; name = main.m; path = ImageChat/main.m; sourceTree = SOURCE_ROOT; };
		FD5C50251E1AA76700AC2CB9 /* Base */ = {isa = PBXFileReference; lastKnownFileType = file.storyboard; name = Base; path = ImageChat/Base.lproj/LaunchScreen.storyboard; sourceTree = SOURCE_ROOT; };
		FD5C50271E1AA7AE00AC2CB9 /* ImageChat-Prefix.pch */ = {isa = PBXFileReference; lastKnownFileType = sourcecode.c.h; path = "ImageChat-Prefix.pch"; sourceTree = "<group>"; };
		FD5C50281E1AA98300AC2CB9 /* Assets.xcassets */ = {isa = PBXFileReference; lastKnownFileType = folder.assetcatalog; name = Assets.xcassets; path = ImageChat/Assets.xcassets; sourceTree = SOURCE_ROOT; };
		FD5FA0351E1BF660005BC2DF /* ICImageCardTableViewCell.h */ = {isa = PBXFileReference; fileEncoding = 4; lastKnownFileType = sourcecode.c.h; path = ICImageCardTableViewCell.h; sourceTree = "<group>"; };
		FD5FA0361E1BF660005BC2DF /* ICImageCardTableViewCell.m */ = {isa = PBXFileReference; fileEncoding = 4; lastKnownFileType = sourcecode.c.objc; path = ICImageCardTableViewCell.m; sourceTree = "<group>"; };
		FD6608861E1D008D0035D03E /* UIView+ICDebug.h */ = {isa = PBXFileReference; fileEncoding = 4; lastKnownFileType = sourcecode.c.h; path = "UIView+ICDebug.h"; sourceTree = "<group>"; };
		FD6608871E1D008D0035D03E /* UIView+ICDebug.m */ = {isa = PBXFileReference; fileEncoding = 4; lastKnownFileType = sourcecode.c.objc; path = "UIView+ICDebug.m"; sourceTree = "<group>"; };
		FD6608891E1D09130035D03E /* ICImageCardModel.h */ = {isa = PBXFileReference; fileEncoding = 4; lastKnownFileType = sourcecode.c.h; path = ICImageCardModel.h; sourceTree = "<group>"; };
		FD66088A1E1D09130035D03E /* ICImageCardModel.m */ = {isa = PBXFileReference; fileEncoding = 4; lastKnownFileType = sourcecode.c.objc; path = ICImageCardModel.m; sourceTree = "<group>"; };
/* End PBXFileReference section */

/* Begin PBXFrameworksBuildPhase section */
		FD55E4301E1A497900C9F489 /* Frameworks */ = {
			isa = PBXFrameworksBuildPhase;
			buildActionMask = 2147483647;
			files = (
				FD55E49F1E1A630A00C9F489 /* AFNetworking.framework in Frameworks */,
				FD55E4A01E1A630A00C9F489 /* CocoaLumberjack.framework in Frameworks */,
				FD55E4A11E1A630A00C9F489 /* Masonry.framework in Frameworks */,
				8AA620EF7824BE93B1F87739 /* Pods_ImageChat.framework in Frameworks */,
			);
			runOnlyForDeploymentPostprocessing = 0;
		};
		FD55E4491E1A497A00C9F489 /* Frameworks */ = {
			isa = PBXFrameworksBuildPhase;
			buildActionMask = 2147483647;
			files = (
			);
			runOnlyForDeploymentPostprocessing = 0;
		};
		FD55E4541E1A497A00C9F489 /* Frameworks */ = {
			isa = PBXFrameworksBuildPhase;
			buildActionMask = 2147483647;
			files = (
			);
			runOnlyForDeploymentPostprocessing = 0;
		};
/* End PBXFrameworksBuildPhase section */

/* Begin PBXGroup section */
		5F8AE2AA65F2C90934596742 /* Frameworks */ = {
			isa = PBXGroup;
			children = (
				FD55E49A1E1A630A00C9F489 /* AFNetworking.framework */,
				FD55E49B1E1A630A00C9F489 /* CocoaLumberjack.framework */,
				FD55E49C1E1A630A00C9F489 /* Masonry.framework */,
				FD55E49D1E1A630A00C9F489 /* Pods_ImageChatTests.framework */,
				FD55E49E1E1A630A00C9F489 /* Pods_ImageChatUITests.framework */,
				D4715723E8AED61F6803E82A /* Pods_ImageChat.framework */,
				DC38C34F20693C5F33FDD497 /* Pods_ImageChatTests.framework */,
				59A5EC715FF08B0E070C0ECD /* Pods_ImageChatUITests.framework */,
			);
			name = Frameworks;
			sourceTree = "<group>";
		};
		6FA31CC7CDBD17E9498379BB /* Pods */ = {
			isa = PBXGroup;
			children = (
				752627F643F2507066D38DB5 /* Pods-ImageChat.debug.xcconfig */,
				47ED783DEA4FA48E637E552F /* Pods-ImageChat.release.xcconfig */,
			);
			name = Pods;
			sourceTree = "<group>";
		};
		FD55E42A1E1A497900C9F489 = {
			isa = PBXGroup;
			children = (
				FD55E46B1E1A55B500C9F489 /* ImageChat */,
				FD55E44F1E1A497A00C9F489 /* ImageChatTests */,
				FD55E45A1E1A497A00C9F489 /* ImageChatUITests */,
				FD55E4341E1A497900C9F489 /* Products */,
				6FA31CC7CDBD17E9498379BB /* Pods */,
				5F8AE2AA65F2C90934596742 /* Frameworks */,
			);
			sourceTree = "<group>";
		};
		FD55E4341E1A497900C9F489 /* Products */ = {
			isa = PBXGroup;
			children = (
				FD55E4331E1A497900C9F489 /* ImageChat.app */,
				FD55E44C1E1A497A00C9F489 /* ImageChatTests.xctest */,
				FD55E4571E1A497A00C9F489 /* ImageChatUITests.xctest */,
			);
			name = Products;
			sourceTree = "<group>";
		};
		FD55E44F1E1A497A00C9F489 /* ImageChatTests */ = {
			isa = PBXGroup;
			children = (
				FD55E4501E1A497A00C9F489 /* ImageChatTests.m */,
				FD55E4521E1A497A00C9F489 /* Info.plist */,
			);
			path = ImageChatTests;
			sourceTree = "<group>";
		};
		FD55E45A1E1A497A00C9F489 /* ImageChatUITests */ = {
			isa = PBXGroup;
			children = (
				FD55E45B1E1A497A00C9F489 /* ImageChatUITests.m */,
				FD55E45D1E1A497A00C9F489 /* Info.plist */,
			);
			path = ImageChatUITests;
			sourceTree = "<group>";
		};
		FD55E46B1E1A55B500C9F489 /* ImageChat */ = {
			isa = PBXGroup;
			children = (
				FD55E4891E1A5FDA00C9F489 /* Main */,
				FD55E4881E1A5FC400C9F489 /* Base */,
			);
			path = ImageChat;
			sourceTree = "<group>";
		};
		FD55E4801E1A56EB00C9F489 /* Network */ = {
			isa = PBXGroup;
			children = (
			);
			path = Network;
			sourceTree = "<group>";
		};
		FD55E4821E1A5A2A00C9F489 /* Utility */ = {
			isa = PBXGroup;
			children = (
			);
			path = Utility;
			sourceTree = "<group>";
		};
		FD55E4831E1A5D1B00C9F489 /* Macro */ = {
			isa = PBXGroup;
			children = (
				FD5C50161E1A82F600AC2CB9 /* Macro.h */,
			);
			path = Macro;
			sourceTree = "<group>";
		};
		FD55E4841E1A5DD000C9F489 /* Square */ = {
			isa = PBXGroup;
			children = (
				FD55E4A61E1A666D00C9F489 /* Model */,
				FD55E4A41E1A665400C9F489 /* View */,
				FD55E4A51E1A666400C9F489 /* Controller */,
			);
			path = Square;
			sourceTree = "<group>";
		};
		FD55E4851E1A5F0300C9F489 /* SearchImage */ = {
			isa = PBXGroup;
			children = (
			);
			path = SearchImage;
			sourceTree = "<group>";
		};
		FD55E4871E1A5FA400C9F489 /* Me */ = {
			isa = PBXGroup;
			children = (
			);
			path = Me;
			sourceTree = "<group>";
		};
		FD55E4881E1A5FC400C9F489 /* Base */ = {
			isa = PBXGroup;
			children = (
				FD5C501C1E1AA74F00AC2CB9 /* AppDelegate */,
				FD5C50171E1A845E00AC2CB9 /* Category */,
				FD55E4831E1A5D1B00C9F489 /* Macro */,
				FD55E4821E1A5A2A00C9F489 /* Utility */,
				FD55E4801E1A56EB00C9F489 /* Network */,
			);
			name = Base;
			sourceTree = "<group>";
		};
		FD55E4891E1A5FDA00C9F489 /* Main */ = {
			isa = PBXGroup;
			children = (
				FD55E4841E1A5DD000C9F489 /* Square */,
				FD55E4851E1A5F0300C9F489 /* SearchImage */,
				FD5C50181E1A847400AC2CB9 /* SendImage */,
				FD55E4871E1A5FA400C9F489 /* Me */,
			);
			name = Main;
			sourceTree = "<group>";
		};
		FD55E4A41E1A665400C9F489 /* View */ = {
			isa = PBXGroup;
			children = (
				FD5FA0351E1BF660005BC2DF /* ICImageCardTableViewCell.h */,
				FD5FA0361E1BF660005BC2DF /* ICImageCardTableViewCell.m */,
			);
			path = View;
			sourceTree = "<group>";
		};
		FD55E4A51E1A666400C9F489 /* Controller */ = {
			isa = PBXGroup;
			children = (
				FD55E4A71E1A66FB00C9F489 /* ICImageListViewController.h */,
				FD55E4A81E1A66FB00C9F489 /* ICImageListViewController.m */,
				FD55E4AA1E1A672200C9F489 /* ICImageInfoViewController.h */,
				FD55E4AB1E1A672200C9F489 /* ICImageInfoViewController.m */,
				FD55E4B01E1A6C8E00C9F489 /* ICImageTabBarViewController.h */,
				FD55E4B11E1A6C8E00C9F489 /* ICImageTabBarViewController.m */,
			);
			path = Controller;
			sourceTree = "<group>";
		};
		FD55E4A61E1A666D00C9F489 /* Model */ = {
			isa = PBXGroup;
			children = (
				FD6608891E1D09130035D03E /* ICImageCardModel.h */,
				FD66088A1E1D09130035D03E /* ICImageCardModel.m */,
			);
			path = Model;
			sourceTree = "<group>";
		};
		FD5C50171E1A845E00AC2CB9 /* Category */ = {
			isa = PBXGroup;
			children = (
				FD5C50191E1A850B00AC2CB9 /* UIColor+ICHex.h */,
				FD5C501A1E1A850B00AC2CB9 /* UIColor+ICHex.m */,
				FD6608861E1D008D0035D03E /* UIView+ICDebug.h */,
				FD6608871E1D008D0035D03E /* UIView+ICDebug.m */,
			);
			path = Category;
			sourceTree = "<group>";
		};
		FD5C50181E1A847400AC2CB9 /* SendImage */ = {
			isa = PBXGroup;
			children = (
			);
			path = SendImage;
			sourceTree = "<group>";
		};
		FD5C501C1E1AA74F00AC2CB9 /* AppDelegate */ = {
			isa = PBXGroup;
			children = (
				FD5C50281E1AA98300AC2CB9 /* Assets.xcassets */,
				FD5C50241E1AA76700AC2CB9 /* LaunchScreen.storyboard */,
				FD5C501D1E1AA75F00AC2CB9 /* AppDelegate.h */,
				FD5C501E1E1AA75F00AC2CB9 /* AppDelegate.m */,
				FD5C501F1E1AA75F00AC2CB9 /* Info.plist */,
				FD5C50201E1AA75F00AC2CB9 /* main.m */,
				FD5C50271E1AA7AE00AC2CB9 /* ImageChat-Prefix.pch */,
			);
			path = AppDelegate;
			sourceTree = "<group>";
		};
/* End PBXGroup section */

/* Begin PBXNativeTarget section */
		FD55E4321E1A497900C9F489 /* ImageChat */ = {
			isa = PBXNativeTarget;
			buildConfigurationList = FD55E4601E1A497A00C9F489 /* Build configuration list for PBXNativeTarget "ImageChat" */;
			buildPhases = (
				6AED5C3AAD8B1AF58A8ED7D4 /* [CP] Check Pods Manifest.lock */,
				FD55E42F1E1A497900C9F489 /* Sources */,
				FD55E4301E1A497900C9F489 /* Frameworks */,
				FD55E4311E1A497900C9F489 /* Resources */,
				574BA25177C72865911D7C37 /* [CP] Embed Pods Frameworks */,
				9895F25C763CDF66FFA8843F /* [CP] Copy Pods Resources */,
			);
			buildRules = (
			);
			dependencies = (
			);
			name = ImageChat;
			productName = ImageChat;
			productReference = FD55E4331E1A497900C9F489 /* ImageChat.app */;
			productType = "com.apple.product-type.application";
		};
		FD55E44B1E1A497A00C9F489 /* ImageChatTests */ = {
			isa = PBXNativeTarget;
			buildConfigurationList = FD55E4631E1A497A00C9F489 /* Build configuration list for PBXNativeTarget "ImageChatTests" */;
			buildPhases = (
				FD55E4481E1A497A00C9F489 /* Sources */,
				FD55E4491E1A497A00C9F489 /* Frameworks */,
				FD55E44A1E1A497A00C9F489 /* Resources */,
			);
			buildRules = (
			);
			dependencies = (
				FD55E44E1E1A497A00C9F489 /* PBXTargetDependency */,
			);
			name = ImageChatTests;
			productName = ImageChatTests;
			productReference = FD55E44C1E1A497A00C9F489 /* ImageChatTests.xctest */;
			productType = "com.apple.product-type.bundle.unit-test";
		};
		FD55E4561E1A497A00C9F489 /* ImageChatUITests */ = {
			isa = PBXNativeTarget;
			buildConfigurationList = FD55E4661E1A497A00C9F489 /* Build configuration list for PBXNativeTarget "ImageChatUITests" */;
			buildPhases = (
				FD55E4531E1A497A00C9F489 /* Sources */,
				FD55E4541E1A497A00C9F489 /* Frameworks */,
				FD55E4551E1A497A00C9F489 /* Resources */,
			);
			buildRules = (
			);
			dependencies = (
				FD55E4591E1A497A00C9F489 /* PBXTargetDependency */,
			);
			name = ImageChatUITests;
			productName = ImageChatUITests;
			productReference = FD55E4571E1A497A00C9F489 /* ImageChatUITests.xctest */;
			productType = "com.apple.product-type.bundle.ui-testing";
		};
/* End PBXNativeTarget section */

/* Begin PBXProject section */
		FD55E42B1E1A497900C9F489 /* Project object */ = {
			isa = PBXProject;
			attributes = {
				CLASSPREFIX = IC;
				LastUpgradeCheck = 0730;
				ORGANIZATIONNAME = Long;
				TargetAttributes = {
					FD55E4321E1A497900C9F489 = {
						CreatedOnToolsVersion = 7.3.1;
						DevelopmentTeam = 8LMT578K9H;
					};
					FD55E44B1E1A497A00C9F489 = {
						CreatedOnToolsVersion = 7.3.1;
						TestTargetID = FD55E4321E1A497900C9F489;
					};
					FD55E4561E1A497A00C9F489 = {
						CreatedOnToolsVersion = 7.3.1;
						TestTargetID = FD55E4321E1A497900C9F489;
					};
				};
			};
			buildConfigurationList = FD55E42E1E1A497900C9F489 /* Build configuration list for PBXProject "ImageChat" */;
			compatibilityVersion = "Xcode 3.2";
			developmentRegion = English;
			hasScannedForEncodings = 0;
			knownRegions = (
				en,
				Base,
			);
			mainGroup = FD55E42A1E1A497900C9F489;
			productRefGroup = FD55E4341E1A497900C9F489 /* Products */;
			projectDirPath = "";
			projectRoot = "";
			targets = (
				FD55E4321E1A497900C9F489 /* ImageChat */,
				FD55E44B1E1A497A00C9F489 /* ImageChatTests */,
				FD55E4561E1A497A00C9F489 /* ImageChatUITests */,
			);
		};
/* End PBXProject section */

/* Begin PBXResourcesBuildPhase section */
		FD55E4311E1A497900C9F489 /* Resources */ = {
			isa = PBXResourcesBuildPhase;
			buildActionMask = 2147483647;
			files = (
				FD5C50221E1AA75F00AC2CB9 /* Info.plist in Resources */,
				FD5C50291E1AA98300AC2CB9 /* Assets.xcassets in Resources */,
				FD5C50261E1AA76700AC2CB9 /* LaunchScreen.storyboard in Resources */,
			);
			runOnlyForDeploymentPostprocessing = 0;
		};
		FD55E44A1E1A497A00C9F489 /* Resources */ = {
			isa = PBXResourcesBuildPhase;
			buildActionMask = 2147483647;
			files = (
			);
			runOnlyForDeploymentPostprocessing = 0;
		};
		FD55E4551E1A497A00C9F489 /* Resources */ = {
			isa = PBXResourcesBuildPhase;
			buildActionMask = 2147483647;
			files = (
			);
			runOnlyForDeploymentPostprocessing = 0;
		};
/* End PBXResourcesBuildPhase section */

/* Begin PBXShellScriptBuildPhase section */
		574BA25177C72865911D7C37 /* [CP] Embed Pods Frameworks */ = {
			isa = PBXShellScriptBuildPhase;
			buildActionMask = 2147483647;
			files = (
			);
			inputPaths = (
			);
			name = "[CP] Embed Pods Frameworks";
			outputPaths = (
			);
			runOnlyForDeploymentPostprocessing = 0;
			shellPath = /bin/sh;
			shellScript = "\"${SRCROOT}/Pods/Target Support Files/Pods-ImageChat/Pods-ImageChat-frameworks.sh\"\n";
			showEnvVarsInLog = 0;
		};
		6AED5C3AAD8B1AF58A8ED7D4 /* [CP] Check Pods Manifest.lock */ = {
			isa = PBXShellScriptBuildPhase;
			buildActionMask = 2147483647;
			files = (
			);
			inputPaths = (
			);
			name = "[CP] Check Pods Manifest.lock";
			outputPaths = (
			);
			runOnlyForDeploymentPostprocessing = 0;
			shellPath = /bin/sh;
			shellScript = "diff \"${PODS_ROOT}/../Podfile.lock\" \"${PODS_ROOT}/Manifest.lock\" > /dev/null\nif [[ $? != 0 ]] ; then\n    cat << EOM\nerror: The sandbox is not in sync with the Podfile.lock. Run 'pod install' or update your CocoaPods installation.\nEOM\n    exit 1\nfi\n";
			showEnvVarsInLog = 0;
		};
		9895F25C763CDF66FFA8843F /* [CP] Copy Pods Resources */ = {
			isa = PBXShellScriptBuildPhase;
			buildActionMask = 2147483647;
			files = (
			);
			inputPaths = (
			);
			name = "[CP] Copy Pods Resources";
			outputPaths = (
			);
			runOnlyForDeploymentPostprocessing = 0;
			shellPath = /bin/sh;
			shellScript = "\"${SRCROOT}/Pods/Target Support Files/Pods-ImageChat/Pods-ImageChat-resources.sh\"\n";
			showEnvVarsInLog = 0;
		};
/* End PBXShellScriptBuildPhase section */

/* Begin PBXSourcesBuildPhase section */
		FD55E42F1E1A497900C9F489 /* Sources */ = {
			isa = PBXSourcesBuildPhase;
			buildActionMask = 2147483647;
			files = (
				FD55E4B21E1A6C8E00C9F489 /* ICImageTabBarViewController.m in Sources */,
				FD5C501B1E1A850B00AC2CB9 /* UIColor+ICHex.m in Sources */,
				FD6608881E1D008D0035D03E /* UIView+ICDebug.m in Sources */,
				FD55E4AC1E1A672200C9F489 /* ICImageInfoViewController.m in Sources */,
				FD55E4A91E1A66FB00C9F489 /* ICImageListViewController.m in Sources */,
				FD5C50231E1AA75F00AC2CB9 /* main.m in Sources */,
				FD5FA0371E1BF660005BC2DF /* ICImageCardTableViewCell.m in Sources */,
				FD5C50211E1AA75F00AC2CB9 /* AppDelegate.m in Sources */,
				FD66088B1E1D09130035D03E /* ICImageCardModel.m in Sources */,
			);
			runOnlyForDeploymentPostprocessing = 0;
		};
		FD55E4481E1A497A00C9F489 /* Sources */ = {
			isa = PBXSourcesBuildPhase;
			buildActionMask = 2147483647;
			files = (
				FD55E4511E1A497A00C9F489 /* ImageChatTests.m in Sources */,
			);
			runOnlyForDeploymentPostprocessing = 0;
		};
		FD55E4531E1A497A00C9F489 /* Sources */ = {
			isa = PBXSourcesBuildPhase;
			buildActionMask = 2147483647;
			files = (
				FD55E45C1E1A497A00C9F489 /* ImageChatUITests.m in Sources */,
			);
			runOnlyForDeploymentPostprocessing = 0;
		};
/* End PBXSourcesBuildPhase section */

/* Begin PBXTargetDependency section */
		FD55E44E1E1A497A00C9F489 /* PBXTargetDependency */ = {
			isa = PBXTargetDependency;
			target = FD55E4321E1A497900C9F489 /* ImageChat */;
			targetProxy = FD55E44D1E1A497A00C9F489 /* PBXContainerItemProxy */;
		};
		FD55E4591E1A497A00C9F489 /* PBXTargetDependency */ = {
			isa = PBXTargetDependency;
			target = FD55E4321E1A497900C9F489 /* ImageChat */;
			targetProxy = FD55E4581E1A497A00C9F489 /* PBXContainerItemProxy */;
		};
/* End PBXTargetDependency section */

/* Begin PBXVariantGroup section */
		FD5C50241E1AA76700AC2CB9 /* LaunchScreen.storyboard */ = {
			isa = PBXVariantGroup;
			children = (
				FD5C50251E1AA76700AC2CB9 /* Base */,
			);
			name = LaunchScreen.storyboard;
			sourceTree = "<group>";
		};
/* End PBXVariantGroup section */

/* Begin XCBuildConfiguration section */
		FD55E45E1E1A497A00C9F489 /* Debug */ = {
			isa = XCBuildConfiguration;
			buildSettings = {
				ALWAYS_SEARCH_USER_PATHS = NO;
				CLANG_ANALYZER_NONNULL = YES;
				CLANG_CXX_LANGUAGE_STANDARD = "gnu++0x";
				CLANG_CXX_LIBRARY = "libc++";
				CLANG_ENABLE_MODULES = YES;
				CLANG_ENABLE_OBJC_ARC = YES;
				CLANG_WARN_BOOL_CONVERSION = YES;
				CLANG_WARN_CONSTANT_CONVERSION = YES;
				CLANG_WARN_DIRECT_OBJC_ISA_USAGE = YES_ERROR;
				CLANG_WARN_EMPTY_BODY = YES;
				CLANG_WARN_ENUM_CONVERSION = YES;
				CLANG_WARN_INT_CONVERSION = YES;
				CLANG_WARN_OBJC_ROOT_CLASS = YES_ERROR;
				CLANG_WARN_UNREACHABLE_CODE = YES;
				CLANG_WARN__DUPLICATE_METHOD_MATCH = YES;
				"CODE_SIGN_IDENTITY[sdk=iphoneos*]" = "iPhone Developer";
				COPY_PHASE_STRIP = NO;
				DEBUG_INFORMATION_FORMAT = dwarf;
				ENABLE_STRICT_OBJC_MSGSEND = YES;
				ENABLE_TESTABILITY = YES;
				GCC_C_LANGUAGE_STANDARD = gnu99;
				GCC_DYNAMIC_NO_PIC = NO;
				GCC_NO_COMMON_BLOCKS = YES;
				GCC_OPTIMIZATION_LEVEL = 0;
				GCC_PREPROCESSOR_DEFINITIONS = (
					"DEBUG=1",
					"$(inherited)",
				);
				GCC_WARN_64_TO_32_BIT_CONVERSION = YES;
				GCC_WARN_ABOUT_RETURN_TYPE = YES_ERROR;
				GCC_WARN_UNDECLARED_SELECTOR = YES;
				GCC_WARN_UNINITIALIZED_AUTOS = YES_AGGRESSIVE;
				GCC_WARN_UNUSED_FUNCTION = YES;
				GCC_WARN_UNUSED_VARIABLE = YES;
				IPHONEOS_DEPLOYMENT_TARGET = 9.3;
				MTL_ENABLE_DEBUG_INFO = YES;
				ONLY_ACTIVE_ARCH = YES;
				SDKROOT = iphoneos;
			};
			name = Debug;
		};
		FD55E45F1E1A497A00C9F489 /* Release */ = {
			isa = XCBuildConfiguration;
			buildSettings = {
				ALWAYS_SEARCH_USER_PATHS = NO;
				CLANG_ANALYZER_NONNULL = YES;
				CLANG_CXX_LANGUAGE_STANDARD = "gnu++0x";
				CLANG_CXX_LIBRARY = "libc++";
				CLANG_ENABLE_MODULES = YES;
				CLANG_ENABLE_OBJC_ARC = YES;
				CLANG_WARN_BOOL_CONVERSION = YES;
				CLANG_WARN_CONSTANT_CONVERSION = YES;
				CLANG_WARN_DIRECT_OBJC_ISA_USAGE = YES_ERROR;
				CLANG_WARN_EMPTY_BODY = YES;
				CLANG_WARN_ENUM_CONVERSION = YES;
				CLANG_WARN_INT_CONVERSION = YES;
				CLANG_WARN_OBJC_ROOT_CLASS = YES_ERROR;
				CLANG_WARN_UNREACHABLE_CODE = YES;
				CLANG_WARN__DUPLICATE_METHOD_MATCH = YES;
				"CODE_SIGN_IDENTITY[sdk=iphoneos*]" = "iPhone Developer";
				COPY_PHASE_STRIP = NO;
				DEBUG_INFORMATION_FORMAT = "dwarf-with-dsym";
				ENABLE_NS_ASSERTIONS = NO;
				ENABLE_STRICT_OBJC_MSGSEND = YES;
				GCC_C_LANGUAGE_STANDARD = gnu99;
				GCC_NO_COMMON_BLOCKS = YES;
				GCC_WARN_64_TO_32_BIT_CONVERSION = YES;
				GCC_WARN_ABOUT_RETURN_TYPE = YES_ERROR;
				GCC_WARN_UNDECLARED_SELECTOR = YES;
				GCC_WARN_UNINITIALIZED_AUTOS = YES_AGGRESSIVE;
				GCC_WARN_UNUSED_FUNCTION = YES;
				GCC_WARN_UNUSED_VARIABLE = YES;
				IPHONEOS_DEPLOYMENT_TARGET = 9.3;
				MTL_ENABLE_DEBUG_INFO = NO;
				SDKROOT = iphoneos;
				VALIDATE_PRODUCT = YES;
			};
			name = Release;
		};
		FD55E4611E1A497A00C9F489 /* Debug */ = {
			isa = XCBuildConfiguration;
			baseConfigurationReference = 752627F643F2507066D38DB5 /* Pods-ImageChat.debug.xcconfig */;
			buildSettings = {
				ASSETCATALOG_COMPILER_APPICON_NAME = AppIcon;
				CODE_SIGN_IDENTITY = "iPhone Developer";
				"CODE_SIGN_IDENTITY[sdk=iphoneos*]" = "iPhone Developer";
				FRAMEWORK_SEARCH_PATHS = (
					"$(inherited)",
					"$(PROJECT_DIR)/build/Debug-iphoneos/AFNetworking",
					"$(PROJECT_DIR)/build/Debug-iphoneos/CocoaLumberjack",
					"$(PROJECT_DIR)/build/Debug-iphoneos/Masonry",
					"$(PROJECT_DIR)/build/Debug-iphoneos",
				);
				GCC_PRECOMPILE_PREFIX_HEADER = YES;
				GCC_PREFIX_HEADER = "/Users/LONG/Documents/APP/ImageChat/ImageChat/ImageChat/AppDelegate/ImageChat-Prefix.pch";
				INFOPLIST_FILE = ImageChat/Info.plist;
				IPHONEOS_DEPLOYMENT_TARGET = 8.0;
				LD_RUNPATH_SEARCH_PATHS = "$(inherited) @executable_path/Frameworks";
				PRODUCT_BUNDLE_IDENTIFIER = com.figure..ImageChat;
				PRODUCT_NAME = "$(TARGET_NAME)";
				PROVISIONING_PROFILE = "";
			};
			name = Debug;
		};
		FD55E4621E1A497A00C9F489 /* Release */ = {
			isa = XCBuildConfiguration;
			baseConfigurationReference = 47ED783DEA4FA48E637E552F /* Pods-ImageChat.release.xcconfig */;
			buildSettings = {
				ASSETCATALOG_COMPILER_APPICON_NAME = AppIcon;
				CODE_SIGN_IDENTITY = "iPhone Developer";
				"CODE_SIGN_IDENTITY[sdk=iphoneos*]" = "iPhone Developer";
				FRAMEWORK_SEARCH_PATHS = (
					"$(inherited)",
					"$(PROJECT_DIR)/build/Debug-iphoneos/AFNetworking",
					"$(PROJECT_DIR)/build/Debug-iphoneos/CocoaLumberjack",
					"$(PROJECT_DIR)/build/Debug-iphoneos/Masonry",
					"$(PROJECT_DIR)/build/Debug-iphoneos",
				);
				GCC_PRECOMPILE_PREFIX_HEADER = YES;
				GCC_PREFIX_HEADER = "/Users/LONG/Documents/APP/ImageChat/ImageChat/ImageChat/AppDelegate/ImageChat-Prefix.pch";
				INFOPLIST_FILE = ImageChat/Info.plist;
				IPHONEOS_DEPLOYMENT_TARGET = 8.0;
				LD_RUNPATH_SEARCH_PATHS = "$(inherited) @executable_path/Frameworks";
				PRODUCT_BUNDLE_IDENTIFIER = com.figure..ImageChat;
				PRODUCT_NAME = "$(TARGET_NAME)";
				PROVISIONING_PROFILE = "";
			};
			name = Release;
		};
		FD55E4641E1A497A00C9F489 /* Debug */ = {
			isa = XCBuildConfiguration;
			buildSettings = {
				BUNDLE_LOADER = "$(TEST_HOST)";
				INFOPLIST_FILE = ImageChatTests/Info.plist;
				LD_RUNPATH_SEARCH_PATHS = "$(inherited) @executable_path/Frameworks @loader_path/Frameworks";
				PRODUCT_BUNDLE_IDENTIFIER = com.figure..ImageChatTests;
				PRODUCT_NAME = "$(TARGET_NAME)";
				TEST_HOST = "$(BUILT_PRODUCTS_DIR)/ImageChat.app/ImageChat";
			};
			name = Debug;
		};
		FD55E4651E1A497A00C9F489 /* Release */ = {
			isa = XCBuildConfiguration;
			buildSettings = {
				BUNDLE_LOADER = "$(TEST_HOST)";
				INFOPLIST_FILE = ImageChatTests/Info.plist;
				LD_RUNPATH_SEARCH_PATHS = "$(inherited) @executable_path/Frameworks @loader_path/Frameworks";
				PRODUCT_BUNDLE_IDENTIFIER = com.figure..ImageChatTests;
				PRODUCT_NAME = "$(TARGET_NAME)";
				TEST_HOST = "$(BUILT_PRODUCTS_DIR)/ImageChat.app/ImageChat";
			};
			name = Release;
		};
		FD55E4671E1A497A00C9F489 /* Debug */ = {
			isa = XCBuildConfiguration;
			buildSettings = {
				INFOPLIST_FILE = ImageChatUITests/Info.plist;
				LD_RUNPATH_SEARCH_PATHS = "$(inherited) @executable_path/Frameworks @loader_path/Frameworks";
				PRODUCT_BUNDLE_IDENTIFIER = com.figure..ImageChatUITests;
				PRODUCT_NAME = "$(TARGET_NAME)";
				TEST_TARGET_NAME = ImageChat;
			};
			name = Debug;
		};
		FD55E4681E1A497A00C9F489 /* Release */ = {
			isa = XCBuildConfiguration;
			buildSettings = {
				INFOPLIST_FILE = ImageChatUITests/Info.plist;
				LD_RUNPATH_SEARCH_PATHS = "$(inherited) @executable_path/Frameworks @loader_path/Frameworks";
				PRODUCT_BUNDLE_IDENTIFIER = com.figure..ImageChatUITests;
				PRODUCT_NAME = "$(TARGET_NAME)";
				TEST_TARGET_NAME = ImageChat;
			};
			name = Release;
		};
/* End XCBuildConfiguration section */

/* Begin XCConfigurationList section */
		FD55E42E1E1A497900C9F489 /* Build configuration list for PBXProject "ImageChat" */ = {
			isa = XCConfigurationList;
			buildConfigurations = (
				FD55E45E1E1A497A00C9F489 /* Debug */,
				FD55E45F1E1A497A00C9F489 /* Release */,
			);
			defaultConfigurationIsVisible = 0;
			defaultConfigurationName = Release;
		};
		FD55E4601E1A497A00C9F489 /* Build configuration list for PBXNativeTarget "ImageChat" */ = {
			isa = XCConfigurationList;
			buildConfigurations = (
				FD55E4611E1A497A00C9F489 /* Debug */,
				FD55E4621E1A497A00C9F489 /* Release */,
			);
			defaultConfigurationIsVisible = 0;
			defaultConfigurationName = Release;
		};
		FD55E4631E1A497A00C9F489 /* Build configuration list for PBXNativeTarget "ImageChatTests" */ = {
			isa = XCConfigurationList;
			buildConfigurations = (
				FD55E4641E1A497A00C9F489 /* Debug */,
				FD55E4651E1A497A00C9F489 /* Release */,
			);
			defaultConfigurationIsVisible = 0;
			defaultConfigurationName = Release;
		};
		FD55E4661E1A497A00C9F489 /* Build configuration list for PBXNativeTarget "ImageChatUITests" */ = {
			isa = XCConfigurationList;
			buildConfigurations = (
				FD55E4671E1A497A00C9F489 /* Debug */,
				FD55E4681E1A497A00C9F489 /* Release */,
			);
			defaultConfigurationIsVisible = 0;
			defaultConfigurationName = Release;
		};
/* End XCConfigurationList section */
	};
	rootObject = FD55E42B1E1A497900C9F489 /* Project object */;
}
